
Microsoft Visual Studio Solution File, Format Version 12.00
# Visual Studio Version 17
VisualStudioVersion = 17.4.33103.184
MinimumVisualStudioVersion = 10.0.40219.1
Project("{FAE04EC0-301F-11D3-BF4B-00C04F79EFBC}") = "task1", "task1\task1.csproj", "{2E22AA05-9D7C-485D-A014-55CDA1F73CDF}"
EndProject
Global
	GlobalSection(SolutionConfigurationPlatforms) = preSolution
		Debug|Any CPU = Debug|Any CPU
		Release|Any CPU = Release|Any CPU
	EndGlobalSection
	GlobalSection(ProjectConfigurationPlatforms) = postSolution
		{2E22AA05-9D7C-485D-A014-55CDA1F73CDF}.Debug|Any CPU.ActiveCfg = Debug|Any CPU
		{2E22AA05-9D7C-485D-A014-55CDA1F73CDF}.Debug|Any CPU.Build.0 = Debug|Any CPU
		{2E22AA05-9D7C-485D-A014-55CDA1F73CDF}.Release|Any CPU.ActiveCfg = Release|Any CPU
		{2E22AA05-9D7C-485D-A014-55CDA1F73CDF}.Release|Any CPU.Build.0 = Release|Any CPU
	EndGlobalSection
	GlobalSection(SolutionProperties) = preSolution
		HideSolutionNode = FALSE
	EndGlobalSection
	GlobalSection(ExtensibilityGlobals) = postSolution
		SolutionGuid = {A8A958E4-176A-4C47-9833-DF3D94CC8BA5}
	EndGlobalSection
EndGlobal
